Microsoft Visual Studio Solution File, Format Version 12.00
# Visual Studio Version 17
VisualStudioVersion = 17.5.2.0
MinimumVisualStudioVersion = 10.0.40219.1
Project("{FAE04EC0-301F-11D3-BF4B-00C04F79EFBC}") = "BotViper", "BotViper.csproj", "{0B7BC6E8-E51D-CFED-ACFB-17F2A2698927}"
EndProject
Global
	GlobalSection(SolutionConfigurationPlatforms) = preSolution
		Debug|Any CPU = Debug|Any CPU
		Release|Any CPU = Release|Any CPU
	EndGlobalSection
	GlobalSection(ProjectConfigurationPlatforms) = postSolution
		{0B7BC6E8-E51D-CFED-ACFB-17F2A2698927}.Debug|Any CPU.ActiveCfg = Debug|Any CPU
		{0B7BC6E8-E51D-CFED-ACFB-17F2A2698927}.Debug|Any CPU.Build.0 = Debug|Any CPU
		{0B7BC6E8-E51D-CFED-ACFB-17F2A2698927}.Release|Any CPU.ActiveCfg = Release|Any CPU
		{0B7BC6E8-E51D-CFED-ACFB-17F2A2698927}.Release|Any CPU.Build.0 = Release|Any CPU
	EndGlobalSection
	GlobalSection(SolutionProperties) = preSolution
		HideSolutionNode = FALSE
	EndGlobalSection
	GlobalSection(ExtensibilityGlobals) = postSolution
		SolutionGuid = {83E5EBC1-E476-4D98-A06E-E673173FE845}
	EndGlobalSection
EndGlobal
